
Microsoft Visual Studio Solution File, Format Version 12.00
# Visual Studio Version 17
VisualStudioVersion = 17.8.34316.72
MinimumVisualStudioVersion = 10.0.40219.1
Project("{9A19103F-16F7-4668-BE54-9A1E7A4F7556}") = "WheelchairBot", "WheelchairBot.csproj", "{1401336C-BC4F-4979-8474-C7F667698AE8}"
EndProject
Global
	GlobalSection(SolutionConfigurationPlatforms) = preSolution
		Debug|Any CPU = Debug|Any CPU
		Release|Any CPU = Release|Any CPU
	EndGlobalSection
	GlobalSection(ProjectConfigurationPlatforms) = postSolution
		{1401336C-BC4F-4979-8474-C7F667698AE8}.Debug|Any CPU.ActiveCfg = Debug|Any CPU
		{1401336C-BC4F-4979-8474-C7F667698AE8}.Debug|Any CPU.Build.0 = Debug|Any CPU
		{1401336C-BC4F-4979-8474-C7F667698AE8}.Release|Any CPU.ActiveCfg = Release|Any CPU
		{1401336C-BC4F-4979-8474-C7F667698AE8}.Release|Any CPU.Build.0 = Release|Any CPU
	EndGlobalSection
	GlobalSection(SolutionProperties) = preSolution
		HideSolutionNode = FALSE
	EndGlobalSection
	GlobalSection(ExtensibilityGlobals) = postSolution
		SolutionGuid = {4E9FAEC8-54EC-4E43-9031-AC92B24CB90B}
	EndGlobalSection
EndGlobal
